// !$*UTF8*$!
{
	archiveVersion = 1;
	classes = {
	};
	objectVersion = 50;
	objects = {

/* Begin PBXBuildFile section */
		42CD92BD879430F382434450 /* Pods_Stories.framework in Frameworks */ = {isa = PBXBuildFile; fileRef = 9D36EE4947DD7BDA41BAB3B3 /* Pods_Stories.framework */; };
		D50B1996220B6D5B0031B7C5 /* AppDelegate.swift in Sources */ = {isa = PBXBuildFile; fileRef = D50B1995220B6D5B0031B7C5 /* AppDelegate.swift */; };
		D50B1998220B6D5B0031B7C5 /* ViewController.swift in Sources */ = {isa = PBXBuildFile; fileRef = D50B1997220B6D5B0031B7C5 /* ViewController.swift */; };
		D50B19A0220B6D5E0031B7C5 /* LaunchScreen.storyboard in Resources */ = {isa = PBXBuildFile; fileRef = D50B199E220B6D5E0031B7C5 /* LaunchScreen.storyboard */; };
		D50B19AB220B9D3D0031B7C5 /* web in Resources */ = {isa = PBXBuildFile; fileRef = D50B19AA220B9D3D0031B7C5 /* web */; };
		D599185E221547E8000932CE /* CameraViewController.swift in Sources */ = {isa = PBXBuildFile; fileRef = D599185A221547E7000932CE /* CameraViewController.swift */; };
		D599185F221547E8000932CE /* SwiftyRecordButton.swift in Sources */ = {isa = PBXBuildFile; fileRef = D599185B221547E7000932CE /* SwiftyRecordButton.swift */; };
		D5991860221547E8000932CE /* VideoViewController.swift in Sources */ = {isa = PBXBuildFile; fileRef = D599185C221547E7000932CE /* VideoViewController.swift */; };
		D5991861221547E8000932CE /* PhotoViewController.swift in Sources */ = {isa = PBXBuildFile; fileRef = D599185D221547E8000932CE /* PhotoViewController.swift */; };
		D599186322154829000932CE /* Main.storyboard in Resources */ = {isa = PBXBuildFile; fileRef = D599186222154829000932CE /* Main.storyboard */; };
		D5991867221558CA000932CE /* Assets.xcassets in Resources */ = {isa = PBXBuildFile; fileRef = D5991866221558CA000932CE /* Assets.xcassets */; };
/* End PBXBuildFile section */

/* Begin PBXFileReference section */
		8FD55FD8C5B1AF68A077C30E /* Pods-Stories.debug.xcconfig */ = {isa = PBXFileReference; includeInIndex = 1; lastKnownFileType = text.xcconfig; name = "Pods-Stories.debug.xcconfig"; path = "Target Support Files/Pods-Stories/Pods-Stories.debug.xcconfig"; sourceTree = "<group>"; };
		9BFAFEFC2404623201ABF233 /* Pods-Stories.release.xcconfig */ = {isa = PBXFileReference; includeInIndex = 1; lastKnownFileType = text.xcconfig; name = "Pods-Stories.release.xcconfig"; path = "Target Support Files/Pods-Stories/Pods-Stories.release.xcconfig"; sourceTree = "<group>"; };
		9D36EE4947DD7BDA41BAB3B3 /* Pods_Stories.framework */ = {isa = PBXFileReference; explicitFileType = wrapper.framework; includeInIndex = 0; path = Pods_Stories.framework; sourceTree = BUILT_PRODUCTS_DIR; };
		D50B1992220B6D5B0031B7C5 /* Stories.app */ = {isa = PBXFileReference; explicitFileType = wrapper.application; includeInIndex = 0; path = Stories.app; sourceTree = BUILT_PRODUCTS_DIR; };
		D50B1995220B6D5B0031B7C5 /* AppDelegate.swift */ = {isa = PBXFileReference; lastKnownFileType = sourcecode.swift; path = AppDelegate.swift; sourceTree = "<group>"; };
		D50B1997220B6D5B0031B7C5 /* ViewController.swift */ = {isa = PBXFileReference; lastKnownFileType = sourcecode.swift; path = ViewController.swift; sourceTree = "<group>"; };
		D50B199F220B6D5E0031B7C5 /* Base */ = {isa = PBXFileReference; lastKnownFileType = file.storyboard; name = Base; path = Base.lproj/LaunchScreen.storyboard; sourceTree = "<group>"; };
		D50B19A1220B6D5E0031B7C5 /* Info.plist */ = {isa = PBXFileReference; lastKnownFileType = text.plist.xml; path = Info.plist; sourceTree = "<group>"; };
		D50B19AA220B9D3D0031B7C5 /* web */ = {isa = PBXFileReference; lastKnownFileType = folder; path = web; sourceTree = "<group>"; };
		D599185A221547E7000932CE /* CameraViewController.swift */ = {isa = PBXFileReference; fileEncoding = 4; lastKnownFileType = sourcecode.swift; path = CameraViewController.swift; sourceTree = "<group>"; };
		D599185B221547E7000932CE /* SwiftyRecordButton.swift */ = {isa = PBXFileReference; fileEncoding = 4; lastKnownFileType = sourcecode.swift; path = SwiftyRecordButton.swift; sourceTree = "<group>"; };
		D599185C221547E7000932CE /* VideoViewController.swift */ = {isa = PBXFileReference; fileEncoding = 4; lastKnownFileType = sourcecode.swift; path = VideoViewController.swift; sourceTree = "<group>"; };
		D599185D221547E8000932CE /* PhotoViewController.swift */ = {isa = PBXFileReference; fileEncoding = 4; lastKnownFileType = sourcecode.swift; path = PhotoViewController.swift; sourceTree = "<group>"; };
		D599186222154829000932CE /* Main.storyboard */ = {isa = PBXFileReference; fileEncoding = 4; lastKnownFileType = file.storyboard; path = Main.storyboard; sourceTree = "<group>"; };
		D5991866221558CA000932CE /* Assets.xcassets */ = {isa = PBXFileReference; lastKnownFileType = folder.assetcatalog; path = Assets.xcassets; sourceTree = "<group>"; };
/* End PBXFileReference section */

/* Begin PBXFrameworksBuildPhase section */
		D50B198F220B6D5B0031B7C5 /* Frameworks */ = {
			isa = PBXFrameworksBuildPhase;
			buildActionMask = 2147483647;
			files = (
				42CD92BD879430F382434450 /* Pods_Stories.framework in Frameworks */,
			);
			runOnlyForDeploymentPostprocessing = 0;
		};
/* End PBXFrameworksBuildPhase section */

/* Begin PBXGroup section */
		0B6B45D6C09F3134D1214602 /* Frameworks */ = {
			isa = PBXGroup;
			children = (
				9D36EE4947DD7BDA41BAB3B3 /* Pods_Stories.framework */,
			);
			name = Frameworks;
			sourceTree = "<group>";
		};
		BCBA97ACB149ACF1E06FCD16 /* Pods */ = {
			isa = PBXGroup;
			children = (
				8FD55FD8C5B1AF68A077C30E /* Pods-Stories.debug.xcconfig */,
				9BFAFEFC2404623201ABF233 /* Pods-Stories.release.xcconfig */,
			);
			path = Pods;
			sourceTree = "<group>";
		};
		D50B1989220B6D5A0031B7C5 = {
			isa = PBXGroup;
			children = (
				D50B1994220B6D5B0031B7C5 /* Stories */,
				D50B1993220B6D5B0031B7C5 /* Products */,
				BCBA97ACB149ACF1E06FCD16 /* Pods */,
				0B6B45D6C09F3134D1214602 /* Frameworks */,
			);
			sourceTree = "<group>";
		};
		D50B1993220B6D5B0031B7C5 /* Products */ = {
			isa = PBXGroup;
			children = (
				D50B1992220B6D5B0031B7C5 /* Stories.app */,
			);
			name = Products;
			sourceTree = "<group>";
		};
		D50B1994220B6D5B0031B7C5 /* Stories */ = {
			isa = PBXGroup;
			children = (
				D5991859221547B5000932CE /* SwiftyCam */,
				D50B19AA220B9D3D0031B7C5 /* web */,
				D50B1995220B6D5B0031B7C5 /* AppDelegate.swift */,
				D50B1997220B6D5B0031B7C5 /* ViewController.swift */,
				D5991866221558CA000932CE /* Assets.xcassets */,
				D599186222154829000932CE /* Main.storyboard */,
				D50B199E220B6D5E0031B7C5 /* LaunchScreen.storyboard */,
				D50B19A1220B6D5E0031B7C5 /* Info.plist */,
			);
			path = Stories;
			sourceTree = "<group>";
		};
		D5991859221547B5000932CE /* SwiftyCam */ = {
			isa = PBXGroup;
			children = (
				D599185A221547E7000932CE /* CameraViewController.swift */,
				D599185D221547E8000932CE /* PhotoViewController.swift */,
				D599185B221547E7000932CE /* SwiftyRecordButton.swift */,
				D599185C221547E7000932CE /* VideoViewController.swift */,
			);
			path = SwiftyCam;
			sourceTree = "<group>";
		};
/* End PBXGroup section */

/* Begin PBXNativeTarget section */
		D50B1991220B6D5B0031B7C5 /* Stories */ = {
			isa = PBXNativeTarget;
			buildConfigurationList = D50B19A4220B6D5E0031B7C5 /* Build configuration list for PBXNativeTarget "Stories" */;
			buildPhases = (
				20F3BD7D31690BE5A462A426 /* [CP] Check Pods Manifest.lock */,
				D50B198E220B6D5B0031B7C5 /* Sources */,
				D50B198F220B6D5B0031B7C5 /* Frameworks */,
				D50B1990220B6D5B0031B7C5 /* Resources */,
				7A31A432775EF75DC852DE1C /* [CP] Embed Pods Frameworks */,
			);
			buildRules = (
			);
			dependencies = (
			);
			name = Stories;
			productName = Stories;
			productReference = D50B1992220B6D5B0031B7C5 /* Stories.app */;
			productType = "com.apple.product-type.application";
		};
/* End PBXNativeTarget section */

/* Begin PBXProject section */
		D50B198A220B6D5A0031B7C5 /* Project object */ = {
			isa = PBXProject;
			attributes = {
				LastSwiftUpdateCheck = 1010;
				LastUpgradeCheck = 1010;
				ORGANIZATIONNAME = "NEAR Protocol";
				TargetAttributes = {
					D50B1991220B6D5B0031B7C5 = {
						CreatedOnToolsVersion = 10.1;
					};
				};
			};
			buildConfigurationList = D50B198D220B6D5A0031B7C5 /* Build configuration list for PBXProject "Stories" */;
			compatibilityVersion = "Xcode 9.3";
			developmentRegion = en;
			hasScannedForEncodings = 0;
			knownRegions = (
				en,
				Base,
			);
			mainGroup = D50B1989220B6D5A0031B7C5;
			productRefGroup = D50B1993220B6D5B0031B7C5 /* Products */;
			projectDirPath = "";
			projectRoot = "";
			targets = (
				D50B1991220B6D5B0031B7C5 /* Stories */,
			);
		};
/* End PBXProject section */

/* Begin PBXResourcesBuildPhase section */
		D50B1990220B6D5B0031B7C5 /* Resources */ = {
			isa = PBXResourcesBuildPhase;
			buildActionMask = 2147483647;
			files = (
				D50B19A0220B6D5E0031B7C5 /* LaunchScreen.storyboard in Resources */,
				D599186322154829000932CE /* Main.storyboard in Resources */,
				D5991867221558CA000932CE /* Assets.xcassets in Resources */,
				D50B19AB220B9D3D0031B7C5 /* web in Resources */,
			);
			runOnlyForDeploymentPostprocessing = 0;
		};
/* End PBXResourcesBuildPhase section */

/* Begin PBXShellScriptBuildPhase section */
		20F3BD7D31690BE5A462A426 /* [CP] Check Pods Manifest.lock */ = {
			isa = PBXShellScriptBuildPhase;
			buildActionMask = 2147483647;
			files = (
			);
			inputFileListPaths = (
			);
			inputPaths = (
				"${PODS_PODFILE_DIR_PATH}/Podfile.lock",
				"${PODS_ROOT}/Manifest.lock",
			);
			name = "[CP] Check Pods Manifest.lock";
			outputFileListPaths = (
			);
			outputPaths = (
				"$(DERIVED_FILE_DIR)/Pods-Stories-checkManifestLockResult.txt",
			);
			runOnlyForDeploymentPostprocessing = 0;
			shellPath = /bin/sh;
			shellScript = "diff \"${PODS_PODFILE_DIR_PATH}/Podfile.lock\" \"${PODS_ROOT}/Manifest.lock\" > /dev/null\nif [ $? != 0 ] ; then\n    # print error to STDERR\n    echo \"error: The sandbox is not in sync with the Podfile.lock. Run 'pod install' or update your CocoaPods installation.\" >&2\n    exit 1\nfi\n# This output is used by Xcode 'outputs' to avoid re-running this script phase.\necho \"SUCCESS\" > \"${SCRIPT_OUTPUT_FILE_0}\"\n";
			showEnvVarsInLog = 0;
		};
		7A31A432775EF75DC852DE1C /* [CP] Embed Pods Frameworks */ = {
			isa = PBXShellScriptBuildPhase;
			buildActionMask = 2147483647;
			files = (
			);
			inputFileListPaths = (
			);
			inputPaths = (
				"${PODS_ROOT}/Target Support Files/Pods-Stories/Pods-Stories-frameworks.sh",
				"${BUILT_PRODUCTS_DIR}/SwiftyCam/SwiftyCam.framework",
			);
			name = "[CP] Embed Pods Frameworks";
			outputFileListPaths = (
			);
			outputPaths = (
				"${TARGET_BUILD_DIR}/${FRAMEWORKS_FOLDER_PATH}/SwiftyCam.framework",
			);
			runOnlyForDeploymentPostprocessing = 0;
			shellPath = /bin/sh;
			shellScript = "\"${PODS_ROOT}/Target Support Files/Pods-Stories/Pods-Stories-frameworks.sh\"\n";
			showEnvVarsInLog = 0;
		};
/* End PBXShellScriptBuildPhase section */

/* Begin PBXSourcesBuildPhase section */
		D50B198E220B6D5B0031B7C5 /* Sources */ = {
			isa = PBXSourcesBuildPhase;
			buildActionMask = 2147483647;
			files = (
				D599185F221547E8000932CE /* SwiftyRecordButton.swift in Sources */,
				D50B1998220B6D5B0031B7C5 /* ViewController.swift in Sources */,
				D50B1996220B6D5B0031B7C5 /* AppDelegate.swift in Sources */,
				D5991860221547E8000932CE /* VideoViewController.swift in Sources */,
				D599185E221547E8000932CE /* CameraViewController.swift in Sources */,
				D5991861221547E8000932CE /* PhotoViewController.swift in Sources */,
			);
			runOnlyForDeploymentPostprocessing = 0;
		};
/* End PBXSourcesBuildPhase section */

/* Begin PBXVariantGroup section */
		D50B199E220B6D5E0031B7C5 /* LaunchScreen.storyboard */ = {
			isa = PBXVariantGroup;
			children = (
				D50B199F220B6D5E0031B7C5 /* Base */,
			);
			name = LaunchScreen.storyboard;
			sourceTree = "<group>";
		};
/* End PBXVariantGroup section */

/* Begin XCBuildConfiguration section */
		D50B19A2220B6D5E0031B7C5 /* Debug */ = {
			isa = XCBuildConfiguration;
			buildSettings = {
				ALWAYS_SEARCH_USER_PATHS = NO;
				CLANG_ANALYZER_NONNULL = YES;
				CLANG_ANALYZER_NUMBER_OBJECT_CONVERSION = YES_AGGRESSIVE;
				CLANG_CXX_LANGUAGE_STANDARD = "gnu++14";
				CLANG_CXX_LIBRARY = "libc++";
				CLANG_ENABLE_MODULES = YES;
				CLANG_ENABLE_OBJC_ARC = YES;
				CLANG_ENABLE_OBJC_WEAK = YES;
				CLANG_WARN_BLOCK_CAPTURE_AUTORELEASING = YES;
				CLANG_WARN_BOOL_CONVERSION = YES;
				CLANG_WARN_COMMA = YES;
				CLANG_WARN_CONSTANT_CONVERSION = YES;
				CLANG_WARN_DEPRECATED_OBJC_IMPLEMENTATIONS = YES;
				CLANG_WARN_DIRECT_OBJC_ISA_USAGE = YES_ERROR;
				CLANG_WARN_DOCUMENTATION_COMMENTS = YES;
				CLANG_WARN_EMPTY_BODY = YES;
				CLANG_WARN_ENUM_CONVERSION = YES;
				CLANG_WARN_INFINITE_RECURSION = YES;
				CLANG_WARN_INT_CONVERSION = YES;
				CLANG_WARN_NON_LITERAL_NULL_CONVERSION = YES;
				CLANG_WARN_OBJC_IMPLICIT_RETAIN_SELF = YES;
				CLANG_WARN_OBJC_LITERAL_CONVERSION = YES;
				CLANG_WARN_OBJC_ROOT_CLASS = YES_ERROR;
				CLANG_WARN_RANGE_LOOP_ANALYSIS = YES;
				CLANG_WARN_STRICT_PROTOTYPES = YES;
				CLANG_WARN_SUSPICIOUS_MOVE = YES;
				CLANG_WARN_UNGUARDED_AVAILABILITY = YES_AGGRESSIVE;
				CLANG_WARN_UNREACHABLE_CODE = YES;
				CLANG_WARN__DUPLICATE_METHOD_MATCH = YES;
				CODE_SIGN_IDENTITY = "iPhone Developer";
				COPY_PHASE_STRIP = NO;
				DEBUG_INFORMATION_FORMAT = dwarf;
				ENABLE_STRICT_OBJC_MSGSEND = YES;
				ENABLE_TESTABILITY = YES;
				GCC_C_LANGUAGE_STANDARD = gnu11;
				GCC_DYNAMIC_NO_PIC = NO;
				GCC_NO_COMMON_BLOCKS = YES;
				GCC_OPTIMIZATION_LEVEL = 0;
				GCC_PREPROCESSOR_DEFINITIONS = (
					"DEBUG=1",
					"$(inherited)",
				);
				GCC_WARN_64_TO_32_BIT_CONVERSION = YES;
				GCC_WARN_ABOUT_RETURN_TYPE = YES_ERROR;
				GCC_WARN_UNDECLARED_SELECTOR = YES;
				GCC_WARN_UNINITIALIZED_AUTOS = YES_AGGRESSIVE;
				GCC_WARN_UNUSED_FUNCTION = YES;
				GCC_WARN_UNUSED_VARIABLE = YES;
				IPHONEOS_DEPLOYMENT_TARGET = 12.1;
				MTL_ENABLE_DEBUG_INFO = INCLUDE_SOURCE;
				MTL_FAST_MATH = YES;
				ONLY_ACTIVE_ARCH = YES;
				SDKROOT = iphoneos;
				SWIFT_ACTIVE_COMPILATION_CONDITIONS = DEBUG;
				SWIFT_OPTIMIZATION_LEVEL = "-Onone";
			};
			name = Debug;
		};
		D50B19A3220B6D5E0031B7C5 /* Release */ = {
			isa = XCBuildConfiguration;
			buildSettings = {
				ALWAYS_SEARCH_USER_PATHS = NO;
				CLANG_ANALYZER_NONNULL = YES;
				CLANG_ANALYZER_NUMBER_OBJECT_CONVERSION = YES_AGGRESSIVE;
				CLANG_CXX_LANGUAGE_STANDARD = "gnu++14";
				CLANG_CXX_LIBRARY = "libc++";
				CLANG_ENABLE_MODULES = YES;
				CLANG_ENABLE_OBJC_ARC = YES;
				CLANG_ENABLE_OBJC_WEAK = YES;
				CLANG_WARN_BLOCK_CAPTURE_AUTORELEASING = YES;
				CLANG_WARN_BOOL_CONVERSION = YES;
				CLANG_WARN_COMMA = YES;
				CLANG_WARN_CONSTANT_CONVERSION = YES;
				CLANG_WARN_DEPRECATED_OBJC_IMPLEMENTATIONS = YES;
				CLANG_WARN_DIRECT_OBJC_ISA_USAGE = YES_ERROR;
				CLANG_WARN_DOCUMENTATION_COMMENTS = YES;
				CLANG_WARN_EMPTY_BODY = YES;
				CLANG_WARN_ENUM_CONVERSION = YES;
				CLANG_WARN_INFINITE_RECURSION = YES;
				CLANG_WARN_INT_CONVERSION = YES;
				CLANG_WARN_NON_LITERAL_NULL_CONVERSION = YES;
				CLANG_WARN_OBJC_IMPLICIT_RETAIN_SELF = YES;
				CLANG_WARN_OBJC_LITERAL_CONVERSION = YES;
				CLANG_WARN_OBJC_ROOT_CLASS = YES_ERROR;
				CLANG_WARN_RANGE_LOOP_ANALYSIS = YES;
				CLANG_WARN_STRICT_PROTOTYPES = YES;
				CLANG_WARN_SUSPICIOUS_MOVE = YES;
				CLANG_WARN_UNGUARDED_AVAILABILITY = YES_AGGRESSIVE;
				CLANG_WARN_UNREACHABLE_CODE = YES;
				CLANG_WARN__DUPLICATE_METHOD_MATCH = YES;
				CODE_SIGN_IDENTITY = "iPhone Developer";
				COPY_PHASE_STRIP = NO;
				DEBUG_INFORMATION_FORMAT = "dwarf-with-dsym";
				ENABLE_NS_ASSERTIONS = NO;
				ENABLE_STRICT_OBJC_MSGSEND = YES;
				GCC_C_LANGUAGE_STANDARD = gnu11;
				GCC_NO_COMMON_BLOCKS = YES;
				GCC_WARN_64_TO_32_BIT_CONVERSION = YES;
				GCC_WARN_ABOUT_RETURN_TYPE = YES_ERROR;
				GCC_WARN_UNDECLARED_SELECTOR = YES;
				GCC_WARN_UNINITIALIZED_AUTOS = YES_AGGRESSIVE;
				GCC_WARN_UNUSED_FUNCTION = YES;
				GCC_WARN_UNUSED_VARIABLE = YES;
				IPHONEOS_DEPLOYMENT_TARGET = 12.1;
				MTL_ENABLE_DEBUG_INFO = NO;
				MTL_FAST_MATH = YES;
				SDKROOT = iphoneos;
				SWIFT_COMPILATION_MODE = wholemodule;
				SWIFT_OPTIMIZATION_LEVEL = "-O";
				VALIDATE_PRODUCT = YES;
			};
			name = Release;
		};
		D50B19A5220B6D5E0031B7C5 /* Debug */ = {
			isa = XCBuildConfiguration;
			baseConfigurationReference = 8FD55FD8C5B1AF68A077C30E /* Pods-Stories.debug.xcconfig */;
			buildSettings = {
				ASSETCATALOG_COMPILER_APPICON_NAME = AppIcon;
				CODE_SIGN_STYLE = Automatic;
				DEVELOPMENT_TEAM = 9532C74ZP2;
				INFOPLIST_FILE = Stories/Info.plist;
				LD_RUNPATH_SEARCH_PATHS = (
					"$(inherited)",
					"@executable_path/Frameworks",
				);
				PRODUCT_BUNDLE_IDENTIFIER = com.nearprotocol.Stories;
				PRODUCT_NAME = "$(TARGET_NAME)";
				SWIFT_VERSION = 4.2;
				TARGETED_DEVICE_FAMILY = "1,2";
			};
			name = Debug;
		};
		D50B19A6220B6D5E0031B7C5 /* Release */ = {
			isa = XCBuildConfiguration;
			baseConfigurationReference = 9BFAFEFC2404623201ABF233 /* Pods-Stories.release.xcconfig */;
			buildSettings = {
				ASSETCATALOG_COMPILER_APPICON_NAME = AppIcon;
				CODE_SIGN_STYLE = Automatic;
				DEVELOPMENT_TEAM = 9532C74ZP2;
				INFOPLIST_FILE = Stories/Info.plist;
				LD_RUNPATH_SEARCH_PATHS = (
					"$(inherited)",
					"@executable_path/Frameworks",
				);
				PRODUCT_BUNDLE_IDENTIFIER = com.nearprotocol.Stories;
				PRODUCT_NAME = "$(TARGET_NAME)";
				SWIFT_VERSION = 4.2;
				TARGETED_DEVICE_FAMILY = "1,2";
			};
			name = Release;
		};
/* End XCBuildConfiguration section */

/* Begin XCConfigurationList section */
		D50B198D220B6D5A0031B7C5 /* Build configuration list for PBXProject "Stories" */ = {
			isa = XCConfigurationList;
			buildConfigurations = (
				D50B19A2220B6D5E0031B7C5 /* Debug */,
				D50B19A3220B6D5E0031B7C5 /* Release */,
			);
			defaultConfigurationIsVisible = 0;
			defaultConfigurationName = Release;
		};
		D50B19A4220B6D5E0031B7C5 /* Build configuration list for PBXNativeTarget "Stories" */ = {
			isa = XCConfigurationList;
			buildConfigurations = (
				D50B19A5220B6D5E0031B7C5 /* Debug */,
				D50B19A6220B6D5E0031B7C5 /* Release */,
			);
			defaultConfigurationIsVisible = 0;
			defaultConfigurationName = Release;
		};
/* End XCConfigurationList section */
	};
	rootObject = D50B198A220B6D5A0031B7C5 /* Project object */;
}
